{
  "name": "ep_email_notifications",
  "version": "0.1.15",
  "lockfileVersion": 1,
  "requires": true,
  "dependencies": {
    "emailjs": {
      "version": "3.3.0",
      "resolved": "https://registry.npmjs.org/emailjs/-/emailjs-3.3.0.tgz",
      "integrity": "sha512-O8fUbXhyzZEokeLq+mrefYaSdToLXlW3oQfCU+75kqkwL27W8Cb6PW/ipjF1ePapLNoAvWPvwInh/x7x4z/jKA=="
    },
    "validator": {
      "version": "13.1.1",
      "resolved": "https://registry.npmjs.org/validator/-/validator-13.1.1.tgz",
      "integrity": "sha512-8GfPiwzzRoWTg7OV1zva1KvrSemuMkv07MA9TTl91hfhe+wKrsrgVN4H2QSFd/U/FhiU3iWPYVgvbsOGwhyFWw=="
    }
  }
}
